
Microsoft Visual Studio Solution File, Format Version 12.00
# Visual Studio 15
VisualStudioVersion = 15.0.27130.2026
MinimumVisualStudioVersion = 10.0.40219.1
Project("{FAE04EC0-301F-11D3-BF4B-00C04F79EFBC}") = "NonCore2", "NonCore2\NonCore2.csproj", "{D66A198C-FE40-4EE5-886A-3F2474618763}"
EndProject
Global
	GlobalSection(SolutionConfigurationPlatforms) = preSolution
		Debug|Any CPU = Debug|Any CPU
		Release|Any CPU = Release|Any CPU
	EndGlobalSection
	GlobalSection(ProjectConfigurationPlatforms) = postSolution
		{D66A198C-FE40-4EE5-886A-3F2474618763}.Debug|Any CPU.ActiveCfg = Debug|Any CPU
		{D66A198C-FE40-4EE5-886A-3F2474618763}.Debug|Any CPU.Build.0 = Debug|Any CPU
		{D66A198C-FE40-4EE5-886A-3F2474618763}.Release|Any CPU.ActiveCfg = Release|Any CPU
		{D66A198C-FE40-4EE5-886A-3F2474618763}.Release|Any CPU.Build.0 = Release|Any CPU
	EndGlobalSection
	GlobalSection(SolutionProperties) = preSolution
		HideSolutionNode = FALSE
	EndGlobalSection
	GlobalSection(ExtensibilityGlobals) = postSolution
		SolutionGuid = {5716B0F7-F9CD-425F-B9F0-C9D0750D68D7}
	EndGlobalSection
EndGlobal
