
Microsoft Visual Studio Solution File, Format Version 12.00
# Visual Studio 15
VisualStudioVersion = 15.0.27130.2026
MinimumVisualStudioVersion = 10.0.40219.1
Project("{FAE04EC0-301F-11D3-BF4B-00C04F79EFBC}") = "WebApplication1", "WebApplication1\WebApplication1.csproj", "{58C830E2-4CC2-4E15-9C9D-CD2F7299F29B}"
EndProject
Global
	GlobalSection(SolutionConfigurationPlatforms) = preSolution
		Debug|Any CPU = Debug|Any CPU
		Release|Any CPU = Release|Any CPU
	EndGlobalSection
	GlobalSection(ProjectConfigurationPlatforms) = postSolution
		{58C830E2-4CC2-4E15-9C9D-CD2F7299F29B}.Debug|Any CPU.ActiveCfg = Debug|Any CPU
		{58C830E2-4CC2-4E15-9C9D-CD2F7299F29B}.Debug|Any CPU.Build.0 = Debug|Any CPU
		{58C830E2-4CC2-4E15-9C9D-CD2F7299F29B}.Release|Any CPU.ActiveCfg = Release|Any CPU
		{58C830E2-4CC2-4E15-9C9D-CD2F7299F29B}.Release|Any CPU.Build.0 = Release|Any CPU
	EndGlobalSection
	GlobalSection(SolutionProperties) = preSolution
		HideSolutionNode = FALSE
	EndGlobalSection
	GlobalSection(ExtensibilityGlobals) = postSolution
		SolutionGuid = {3143E6A0-2858-4252-A977-EA46B748DC9B}
	EndGlobalSection
EndGlobal
