
Microsoft Visual Studio Solution File, Format Version 12.00
# Visual Studio 15
VisualStudioVersion = 15.0.27130.2003
MinimumVisualStudioVersion = 10.0.40219.1
Project("{9A19103F-16F7-4668-BE54-9A1E7A4F7556}") = "ClassLibrary1", "ClassLibrary1\ClassLibrary1.csproj", "{51B36EC1-B385-4DE2-BA02-A6D3DD5AEA56}"
EndProject
Project("{FAE04EC0-301F-11D3-BF4B-00C04F79EFBC}") = "WebApplication1", "WebApplication1\WebApplication1.csproj", "{5FD7DF57-5968-441F-ABA7-0F4E26FFD166}"
EndProject
Project("{9A19103F-16F7-4668-BE54-9A1E7A4F7556}") = "ClassLibrary2.TestLib", "ClassLibrary2.TestLib\ClassLibrary2.TestLib.csproj", "{01B6DB2C-AF6F-4B35-BE50-49589B05283C}"
EndProject
Project("{9A19103F-16F7-4668-BE54-9A1E7A4F7556}") = "ClassLibrary2", "ClassLibrary2\ClassLibrary2.csproj", "{FEA0D060-7862-4040-BED7-152A569E7DC5}"
EndProject
Global
	GlobalSection(SolutionConfigurationPlatforms) = preSolution
		Debug|Any CPU = Debug|Any CPU
		Release|Any CPU = Release|Any CPU
	EndGlobalSection
	GlobalSection(ProjectConfigurationPlatforms) = postSolution
		{51B36EC1-B385-4DE2-BA02-A6D3DD5AEA56}.Debug|Any CPU.ActiveCfg = Debug|Any CPU
		{51B36EC1-B385-4DE2-BA02-A6D3DD5AEA56}.Debug|Any CPU.Build.0 = Debug|Any CPU
		{51B36EC1-B385-4DE2-BA02-A6D3DD5AEA56}.Release|Any CPU.ActiveCfg = Release|Any CPU
		{51B36EC1-B385-4DE2-BA02-A6D3DD5AEA56}.Release|Any CPU.Build.0 = Release|Any CPU
		{5FD7DF57-5968-441F-ABA7-0F4E26FFD166}.Debug|Any CPU.ActiveCfg = Debug|Any CPU
		{5FD7DF57-5968-441F-ABA7-0F4E26FFD166}.Debug|Any CPU.Build.0 = Debug|Any CPU
		{5FD7DF57-5968-441F-ABA7-0F4E26FFD166}.Release|Any CPU.ActiveCfg = Release|Any CPU
		{5FD7DF57-5968-441F-ABA7-0F4E26FFD166}.Release|Any CPU.Build.0 = Release|Any CPU
		{01B6DB2C-AF6F-4B35-BE50-49589B05283C}.Debug|Any CPU.ActiveCfg = Debug|Any CPU
		{01B6DB2C-AF6F-4B35-BE50-49589B05283C}.Debug|Any CPU.Build.0 = Debug|Any CPU
		{01B6DB2C-AF6F-4B35-BE50-49589B05283C}.Release|Any CPU.ActiveCfg = Release|Any CPU
		{01B6DB2C-AF6F-4B35-BE50-49589B05283C}.Release|Any CPU.Build.0 = Release|Any CPU
		{FEA0D060-7862-4040-BED7-152A569E7DC5}.Debug|Any CPU.ActiveCfg = Debug|Any CPU
		{FEA0D060-7862-4040-BED7-152A569E7DC5}.Debug|Any CPU.Build.0 = Debug|Any CPU
		{FEA0D060-7862-4040-BED7-152A569E7DC5}.Release|Any CPU.ActiveCfg = Release|Any CPU
		{FEA0D060-7862-4040-BED7-152A569E7DC5}.Release|Any CPU.Build.0 = Release|Any CPU
	EndGlobalSection
	GlobalSection(SolutionProperties) = preSolution
		HideSolutionNode = FALSE
	EndGlobalSection
	GlobalSection(ExtensibilityGlobals) = postSolution
		SolutionGuid = {C3D0701B-B86F-4461-900F-84A83B69227F}
	EndGlobalSection
EndGlobal
