
Microsoft Visual Studio Solution File, Format Version 12.00
# Visual Studio 15
VisualStudioVersion = 15.0.26730.16
MinimumVisualStudioVersion = 10.0.40219.1
Project("{FAE04EC0-301F-11D3-BF4B-00C04F79EFBC}") = "eventcopier", "eventcopier\eventcopier.csproj", "{C7752DD5-F1F5-4F07-B439-BA13E36A17C0}"
EndProject
Global
	GlobalSection(SolutionConfigurationPlatforms) = preSolution
		Debug|Any CPU = Debug|Any CPU
		Release|Any CPU = Release|Any CPU
	EndGlobalSection
	GlobalSection(ProjectConfigurationPlatforms) = postSolution
		{C7752DD5-F1F5-4F07-B439-BA13E36A17C0}.Debug|Any CPU.ActiveCfg = Debug|Any CPU
		{C7752DD5-F1F5-4F07-B439-BA13E36A17C0}.Debug|Any CPU.Build.0 = Debug|Any CPU
		{C7752DD5-F1F5-4F07-B439-BA13E36A17C0}.Release|Any CPU.ActiveCfg = Release|Any CPU
		{C7752DD5-F1F5-4F07-B439-BA13E36A17C0}.Release|Any CPU.Build.0 = Release|Any CPU
	EndGlobalSection
	GlobalSection(SolutionProperties) = preSolution
		HideSolutionNode = FALSE
	EndGlobalSection
	GlobalSection(ExtensibilityGlobals) = postSolution
		SolutionGuid = {293AC340-F4A9-45CD-AEBD-34A5AC0155C1}
	EndGlobalSection
EndGlobal
