
Microsoft Visual Studio Solution File, Format Version 12.00
# Visual Studio 14
VisualStudioVersion = 14.0.24720.0
MinimumVisualStudioVersion = 10.0.40219.1
Project("{2150E333-8FDC-42A3-9474-1A3956D46DE8}") = "src", "src", "{ACA72FFF-FC20-4681-9D3B-61A5A776D25D}"
EndProject
Project("{2150E333-8FDC-42A3-9474-1A3956D46DE8}") = "Solution Items", "Solution Items", "{ADBFD9E2-9626-438E-8BA6-6195A3DE25B7}"
	ProjectSection(SolutionItems) = preProject
		global.json = global.json
	EndProjectSection
EndProject
Project("{8BB2217D-0F2D-49D1-97BC-3654ED321F3B}") = "EmptyAspNet5Site", "src\EmptyAspNet5Site\EmptyAspNet5Site.xproj", "{A840B260-9253-4881-AC6E-DCF785705B4B}"
EndProject
Global
	GlobalSection(SolutionConfigurationPlatforms) = preSolution
		Debug|Any CPU = Debug|Any CPU
		Release|Any CPU = Release|Any CPU
	EndGlobalSection
	GlobalSection(ProjectConfigurationPlatforms) = postSolution
		{A840B260-9253-4881-AC6E-DCF785705B4B}.Debug|Any CPU.ActiveCfg = Debug|Any CPU
		{A840B260-9253-4881-AC6E-DCF785705B4B}.Debug|Any CPU.Build.0 = Debug|Any CPU
		{A840B260-9253-4881-AC6E-DCF785705B4B}.Release|Any CPU.ActiveCfg = Release|Any CPU
		{A840B260-9253-4881-AC6E-DCF785705B4B}.Release|Any CPU.Build.0 = Release|Any CPU
	EndGlobalSection
	GlobalSection(SolutionProperties) = preSolution
		HideSolutionNode = FALSE
	EndGlobalSection
	GlobalSection(NestedProjects) = preSolution
		{A840B260-9253-4881-AC6E-DCF785705B4B} = {ACA72FFF-FC20-4681-9D3B-61A5A776D25D}
	EndGlobalSection
EndGlobal
