
Microsoft Visual Studio Solution File, Format Version 12.00
# Visual Studio 15
VisualStudioVersion = 15.0.27703.2035
MinimumVisualStudioVersion = 10.0.40219.1
Project("{9A19103F-16F7-4668-BE54-9A1E7A4F7556}") = "ClassLibrary1", "ClassLibrary1\ClassLibrary1.csproj", "{ECA2AD97-F1B3-431B-878F-129FB6FD3D4F}"
EndProject
Project("{9A19103F-16F7-4668-BE54-9A1E7A4F7556}") = "RazorUIClassLib", "..\RazorUIClassLib\RazorUIClassLib.csproj", "{46F8C684-7EF5-4C47-8723-103DB68BBBC6}"
EndProject
Project("{9A19103F-16F7-4668-BE54-9A1E7A4F7556}") = "WebApp1", "..\WebApp1\WebApp1.csproj", "{6E2DCC2A-0E5F-49FD-B13D-EACB869835C1}"
EndProject
Global
	GlobalSection(SolutionConfigurationPlatforms) = preSolution
		Debug|Any CPU = Debug|Any CPU
		Release|Any CPU = Release|Any CPU
	EndGlobalSection
	GlobalSection(ProjectConfigurationPlatforms) = postSolution
		{ECA2AD97-F1B3-431B-878F-129FB6FD3D4F}.Debug|Any CPU.ActiveCfg = Debug|Any CPU
		{ECA2AD97-F1B3-431B-878F-129FB6FD3D4F}.Debug|Any CPU.Build.0 = Debug|Any CPU
		{ECA2AD97-F1B3-431B-878F-129FB6FD3D4F}.Release|Any CPU.ActiveCfg = Release|Any CPU
		{ECA2AD97-F1B3-431B-878F-129FB6FD3D4F}.Release|Any CPU.Build.0 = Release|Any CPU
		{46F8C684-7EF5-4C47-8723-103DB68BBBC6}.Debug|Any CPU.ActiveCfg = Debug|Any CPU
		{46F8C684-7EF5-4C47-8723-103DB68BBBC6}.Debug|Any CPU.Build.0 = Debug|Any CPU
		{46F8C684-7EF5-4C47-8723-103DB68BBBC6}.Release|Any CPU.ActiveCfg = Release|Any CPU
		{46F8C684-7EF5-4C47-8723-103DB68BBBC6}.Release|Any CPU.Build.0 = Release|Any CPU
		{6E2DCC2A-0E5F-49FD-B13D-EACB869835C1}.Debug|Any CPU.ActiveCfg = Debug|Any CPU
		{6E2DCC2A-0E5F-49FD-B13D-EACB869835C1}.Debug|Any CPU.Build.0 = Debug|Any CPU
		{6E2DCC2A-0E5F-49FD-B13D-EACB869835C1}.Release|Any CPU.ActiveCfg = Release|Any CPU
		{6E2DCC2A-0E5F-49FD-B13D-EACB869835C1}.Release|Any CPU.Build.0 = Release|Any CPU
	EndGlobalSection
	GlobalSection(SolutionProperties) = preSolution
		HideSolutionNode = FALSE
	EndGlobalSection
	GlobalSection(ExtensibilityGlobals) = postSolution
		SolutionGuid = {47A4E7D0-469B-41EF-B682-D5AFD8B86D57}
	EndGlobalSection
EndGlobal
