
Microsoft Visual Studio Solution File, Format Version 12.00
# Visual Studio 15
VisualStudioVersion = 15.0.27130.2026
MinimumVisualStudioVersion = 10.0.40219.1
Project("{FAE04EC0-301F-11D3-BF4B-00C04F79EFBC}") = "WebApplication2", "WebApplication2\WebApplication2.csproj", "{1792AAB8-F628-4541-8F7A-B0A1D92F1E48}"
EndProject
Global
	GlobalSection(SolutionConfigurationPlatforms) = preSolution
		Debug|Any CPU = Debug|Any CPU
		Release|Any CPU = Release|Any CPU
	EndGlobalSection
	GlobalSection(ProjectConfigurationPlatforms) = postSolution
		{1792AAB8-F628-4541-8F7A-B0A1D92F1E48}.Debug|Any CPU.ActiveCfg = Debug|Any CPU
		{1792AAB8-F628-4541-8F7A-B0A1D92F1E48}.Debug|Any CPU.Build.0 = Debug|Any CPU
		{1792AAB8-F628-4541-8F7A-B0A1D92F1E48}.Release|Any CPU.ActiveCfg = Release|Any CPU
		{1792AAB8-F628-4541-8F7A-B0A1D92F1E48}.Release|Any CPU.Build.0 = Release|Any CPU
	EndGlobalSection
	GlobalSection(SolutionProperties) = preSolution
		HideSolutionNode = FALSE
	EndGlobalSection
	GlobalSection(ExtensibilityGlobals) = postSolution
		SolutionGuid = {C94F95B7-27A5-4F53-9F4C-295573AA9BAE}
	EndGlobalSection
EndGlobal
