
Microsoft Visual Studio Solution File, Format Version 12.00
# Visual Studio 15
VisualStudioVersion = 15.0.27130.2026
MinimumVisualStudioVersion = 10.0.40219.1
Project("{FAE04EC0-301F-11D3-BF4B-00C04F79EFBC}") = "w2", "w2\w2.csproj", "{43F3FB8C-01DB-4E4C-ACE0-6C35F9B7B3B7}"
EndProject
Global
	GlobalSection(SolutionConfigurationPlatforms) = preSolution
		Debug|Any CPU = Debug|Any CPU
		Release|Any CPU = Release|Any CPU
	EndGlobalSection
	GlobalSection(ProjectConfigurationPlatforms) = postSolution
		{43F3FB8C-01DB-4E4C-ACE0-6C35F9B7B3B7}.Debug|Any CPU.ActiveCfg = Debug|Any CPU
		{43F3FB8C-01DB-4E4C-ACE0-6C35F9B7B3B7}.Debug|Any CPU.Build.0 = Debug|Any CPU
		{43F3FB8C-01DB-4E4C-ACE0-6C35F9B7B3B7}.Release|Any CPU.ActiveCfg = Release|Any CPU
		{43F3FB8C-01DB-4E4C-ACE0-6C35F9B7B3B7}.Release|Any CPU.Build.0 = Release|Any CPU
	EndGlobalSection
	GlobalSection(SolutionProperties) = preSolution
		HideSolutionNode = FALSE
	EndGlobalSection
	GlobalSection(ExtensibilityGlobals) = postSolution
		SolutionGuid = {7F3A94A5-CA88-4CEC-A17C-710D3D5A67F4}
	EndGlobalSection
EndGlobal
