
Microsoft Visual Studio Solution File, Format Version 12.00
# Visual Studio Express 2012 for Web
Project("{CC5FD16D-436D-48AD-A40C-5A424C6E3E79}") = "WindowsAzure2", "WindowsAzure2\WindowsAzure2.ccproj", "{E5255F76-6915-46D7-9BBE-6A7B2A3A638E}"
EndProject
Project("{FAE04EC0-301F-11D3-BF4B-00C04F79EFBC}") = "MvcWebRole1", "MvcWebRole1\MvcWebRole1.csproj", "{A8749FCB-CBFC-4450-85CC-4DF061EE9141}"
EndProject
Global
	GlobalSection(SolutionConfigurationPlatforms) = preSolution
		Debug|Any CPU = Debug|Any CPU
		Release|Any CPU = Release|Any CPU
	EndGlobalSection
	GlobalSection(ProjectConfigurationPlatforms) = postSolution
		{E5255F76-6915-46D7-9BBE-6A7B2A3A638E}.Debug|Any CPU.ActiveCfg = Debug|Any CPU
		{E5255F76-6915-46D7-9BBE-6A7B2A3A638E}.Debug|Any CPU.Build.0 = Debug|Any CPU
		{E5255F76-6915-46D7-9BBE-6A7B2A3A638E}.Release|Any CPU.ActiveCfg = Release|Any CPU
		{E5255F76-6915-46D7-9BBE-6A7B2A3A638E}.Release|Any CPU.Build.0 = Release|Any CPU
		{A8749FCB-CBFC-4450-85CC-4DF061EE9141}.Debug|Any CPU.ActiveCfg = Debug|Any CPU
		{A8749FCB-CBFC-4450-85CC-4DF061EE9141}.Debug|Any CPU.Build.0 = Debug|Any CPU
		{A8749FCB-CBFC-4450-85CC-4DF061EE9141}.Release|Any CPU.ActiveCfg = Release|Any CPU
		{A8749FCB-CBFC-4450-85CC-4DF061EE9141}.Release|Any CPU.Build.0 = Release|Any CPU
	EndGlobalSection
	GlobalSection(SolutionProperties) = preSolution
		HideSolutionNode = FALSE
	EndGlobalSection
EndGlobal
